
Microsoft Visual Studio Solution File, Format Version 12.00
# Visual Studio Version 17
VisualStudioVersion = 17.10.35122.118
MinimumVisualStudioVersion = 10.0.40219.1
Project("{FAE04EC0-301F-11D3-BF4B-00C04F79EFBC}") = "DataGridView", "DataGridView\DataGridView.csproj", "{88134E80-D543-4FDA-ACDB-2DDC7A721FB2}"
EndProject
Project("{9A19103F-16F7-4668-BE54-9A1E7A4F7556}") = "DataGridView.Standart.Manager", "Manager\DataGridView.Standart.Manager.csproj", "{4EFA4DFD-50FF-4F7B-BED0-772A2655500A}"
EndProject
Project("{9A19103F-16F7-4668-BE54-9A1E7A4F7556}") = "DataGridView.Standart.Contracts", "Contracts\DataGridView.Standart.Contracts.csproj", "{0D216C25-178C-4ACD-B5D8-03B16AB454A8}"
EndProject
Project("{FAE04EC0-301F-11D3-BF4B-00C04F79EFBC}") = "DataGridView.Standart.Memory", "DataGridView.Memory\DataGridView.Standart.Memory.csproj", "{051D0585-E30A-4F59-A588-58E15B914944}"
EndProject
Global
	GlobalSection(SolutionConfigurationPlatforms) = preSolution
		Debug|Any CPU = Debug|Any CPU
		Release|Any CPU = Release|Any CPU
	EndGlobalSection
	GlobalSection(ProjectConfigurationPlatforms) = postSolution
		{88134E80-D543-4FDA-ACDB-2DDC7A721FB2}.Debug|Any CPU.ActiveCfg = Debug|Any CPU
		{88134E80-D543-4FDA-ACDB-2DDC7A721FB2}.Debug|Any CPU.Build.0 = Debug|Any CPU
		{88134E80-D543-4FDA-ACDB-2DDC7A721FB2}.Release|Any CPU.ActiveCfg = Release|Any CPU
		{88134E80-D543-4FDA-ACDB-2DDC7A721FB2}.Release|Any CPU.Build.0 = Release|Any CPU
		{4EFA4DFD-50FF-4F7B-BED0-772A2655500A}.Debug|Any CPU.ActiveCfg = Debug|Any CPU
		{4EFA4DFD-50FF-4F7B-BED0-772A2655500A}.Debug|Any CPU.Build.0 = Debug|Any CPU
		{4EFA4DFD-50FF-4F7B-BED0-772A2655500A}.Release|Any CPU.ActiveCfg = Release|Any CPU
		{4EFA4DFD-50FF-4F7B-BED0-772A2655500A}.Release|Any CPU.Build.0 = Release|Any CPU
		{0D216C25-178C-4ACD-B5D8-03B16AB454A8}.Debug|Any CPU.ActiveCfg = Debug|Any CPU
		{0D216C25-178C-4ACD-B5D8-03B16AB454A8}.Debug|Any CPU.Build.0 = Debug|Any CPU
		{0D216C25-178C-4ACD-B5D8-03B16AB454A8}.Release|Any CPU.ActiveCfg = Release|Any CPU
		{0D216C25-178C-4ACD-B5D8-03B16AB454A8}.Release|Any CPU.Build.0 = Release|Any CPU
		{051D0585-E30A-4F59-A588-58E15B914944}.Debug|Any CPU.ActiveCfg = Debug|Any CPU
		{051D0585-E30A-4F59-A588-58E15B914944}.Debug|Any CPU.Build.0 = Debug|Any CPU
		{051D0585-E30A-4F59-A588-58E15B914944}.Release|Any CPU.ActiveCfg = Release|Any CPU
		{051D0585-E30A-4F59-A588-58E15B914944}.Release|Any CPU.Build.0 = Release|Any CPU
	EndGlobalSection
	GlobalSection(SolutionProperties) = preSolution
		HideSolutionNode = FALSE
	EndGlobalSection
	GlobalSection(ExtensibilityGlobals) = postSolution
		SolutionGuid = {F9DCE1B9-72CC-4EB7-8219-714D045FE790}
	EndGlobalSection
EndGlobal
